Microsoft Visual Studio Solution File, Format Version 12.00
# Visual Studio Version 17
VisualStudioVersion = 17.0.31903.59
MinimumVisualStudioVersion = 10.0.40219.1
Project("{FAE04EC0-301F-11D3-BF4B-00C04F79EFBC}") = "WeatherWatch.Core", "src\WeatherWatch.Core\WeatherWatch.Core.csproj", "{1B2A6E5D-6C1F-4C57-9B7E-3E1D4A2F8C01}"
EndProject
Project("{FAE04EC0-301F-11D3-BF4B-00C04F79EFBC}") = "WeatherWatch.Core.Tests", "tests\WeatherWatch.Core.Tests\WeatherWatch.Core.Tests.csproj", "{7D4C9F2A-8B3E-4A61-B0D5-5F6E7A8C9D02}"
EndProject
Global
	GlobalSection(SolutionConfigurationPlatforms) = preSolution
		Debug|Any CPU = Debug|Any CPU
		Release|Any CPU = Release|Any CPU
	EndGlobalSection
	GlobalSection(ProjectConfigurationPlatforms) = postSolution
		{1B2A6E5D-6C1F-4C57-9B7E-3E1D4A2F8C01}.Debug|Any CPU.ActiveCfg = Debug|Any CPU
		{1B2A6E5D-6C1F-4C57-9B7E-3E1D4A2F8C01}.Debug|Any CPU.Build.0 = Debug|Any CPU
		{1B2A6E5D-6C1F-4C57-9B7E-3E1D4A2F8C01}.Release|Any CPU.ActiveCfg = Release|Any CPU
		{1B2A6E5D-6C1F-4C57-9B7E-3E1D4A2F8C01}.Release|Any CPU.Build.0 = Release|Any CPU
		{7D4C9F2A-8B3E-4A61-B0D5-5F6E7A8C9D02}.Debug|Any CPU.ActiveCfg = Debug|Any CPU
		{7D4C9F2A-8B3E-4A61-B0D5-5F6E7A8C9D02}.Debug|Any CPU.Build.0 = Debug|Any CPU
		{7D4C9F2A-8B3E-4A61-B0D5-5F6E7A8C9D02}.Release|Any CPU.ActiveCfg = Release|Any CPU
		{7D4C9F2A-8B3E-4A61-B0D5-5F6E7A8C9D02}.Release|Any CPU.Build.0 = Release|Any CPU
	EndGlobalSection
	GlobalSection(SolutionProperties) = preSolution
		HideSolutionNode = FALSE
	EndGlobalSection
EndGlobal
